
Microsoft Visual Studio Solution File, Format Version 12.00
# Visual Studio Version 17
VisualStudioVersion = 17.4.33213.308
MinimumVisualStudioVersion = 10.0.40219.1
Project("{FAE04EC0-301F-11D3-BF4B-00C04F79EFBC}") = "LibraryManagementSystem", "LibraryManagementSystem\LibraryManagementSystem.csproj", "{67A3F812-3EB3-4E2C-A942-FD164903DF73}"
EndProject
Global
	GlobalSection(SolutionConfigurationPlatforms) = preSolution
		Debug|Any CPU = Debug|Any CPU
		Release|Any CPU = Release|Any CPU
	EndGlobalSection
	GlobalSection(ProjectConfigurationPlatforms) = postSolution
		{67A3F812-3EB3-4E2C-A942-FD164903DF73}.Debug|Any CPU.ActiveCfg = Debug|Any CPU
		{67A3F812-3EB3-4E2C-A942-FD164903DF73}.Debug|Any CPU.Build.0 = Debug|Any CPU
		{67A3F812-3EB3-4E2C-A942-FD164903DF73}.Release|Any CPU.ActiveCfg = Release|Any CPU
		{67A3F812-3EB3-4E2C-A942-FD164903DF73}.Release|Any CPU.Build.0 = Release|Any CPU
	EndGlobalSection
	GlobalSection(SolutionProperties) = preSolution
		HideSolutionNode = FALSE
	EndGlobalSection
	GlobalSection(ExtensibilityGlobals) = postSolution
		SolutionGuid = {EEFE5F42-BE6C-49AA-9885-2EEE71D28682}
	EndGlobalSection
EndGlobal
